
Microsoft Visual Studio Solution File, Format Version 12.00
# Visual Studio Version 17
VisualStudioVersion = 17.14.36603.0 d17.14
MinimumVisualStudioVersion = 10.0.40219.1
Project("{FAE04EC0-301F-11D3-BF4B-00C04F79EFBC}") = "ConsoleApp1", "ConsoleApp1\ConsoleApp1.csproj", "{04761EB2-60BA-40DE-9B17-E551A51D6637}"
EndProject
Global
	GlobalSection(SolutionConfigurationPlatforms) = preSolution
		Debug|Any CPU = Debug|Any CPU
		Release|Any CPU = Release|Any CPU
	EndGlobalSection
	GlobalSection(ProjectConfigurationPlatforms) = postSolution
		{04761EB2-60BA-40DE-9B17-E551A51D6637}.Debug|Any CPU.ActiveCfg = Debug|Any CPU
		{04761EB2-60BA-40DE-9B17-E551A51D6637}.Debug|Any CPU.Build.0 = Debug|Any CPU
		{04761EB2-60BA-40DE-9B17-E551A51D6637}.Release|Any CPU.ActiveCfg = Release|Any CPU
		{04761EB2-60BA-40DE-9B17-E551A51D6637}.Release|Any CPU.Build.0 = Release|Any CPU
	EndGlobalSection
	GlobalSection(SolutionProperties) = preSolution
		HideSolutionNode = FALSE
	EndGlobalSection
	GlobalSection(ExtensibilityGlobals) = postSolution
		SolutionGuid = {31DA6C19-B24E-4CEC-B302-5FB56B057F41}
	EndGlobalSection
EndGlobal
